{"1.1.0",
[{<<"brod">>,{pkg,<<"brod">>,<<"3.7.7">>},0},
 {<<"cowboy">>,{pkg,<<"cowboy">>,<<"2.6.3">>},0},
 {<<"cowlib">>,{pkg,<<"cowlib">>,<<"2.7.3">>},1},
 {<<"crc32cer">>,{pkg,<<"crc32cer">>,<<"0.1.3">>},2},
 {<<"erlastic_search">>,{pkg,<<"erlastic_search">>,<<"1.3.0">>},0},
 {<<"flatlog">>,
  {git,"https://github.com/ferd/flatlog",
       {ref,"c507def1787908c42bf22593eb24a90a1c4cc5e4"}},
  0},
 {<<"jiffy">>,{pkg,<<"jiffy">>,<<"0.15.2">>},0},
 {<<"kafka_protocol">>,{pkg,<<"kafka_protocol">>,<<"2.2.7">>},1},
 {<<"ranch">>,{pkg,<<"ranch">>,<<"1.7.1">>},1},
 {<<"recon">>,{pkg,<<"recon">>,<<"2.4.0">>},0},
 {<<"snappyer">>,{pkg,<<"snappyer">>,<<"1.2.4">>},2},
 {<<"supervisor3">>,{pkg,<<"supervisor3">>,<<"1.1.8">>},1}]}.
[
{pkg_hash,[
 {<<"brod">>, <<"D379AD0019D6E433E9637E57940DCB0D98EA6CA0770276A945EEF0FFB4B07E20">>},
 {<<"cowboy">>, <<"99AA50E94E685557CAD82E704457336A453D4ABCB77839AD22DBE71F311FCC06">>},
 {<<"cowlib">>, <<"A7FFCD0917E6D50B4D5FB28E9E2085A0CEB3C97DEA310505F7460FF5ED764CE9">>},
 {<<"crc32cer">>, <<"8984906C4B4FAE6AA292C48F286A1C83B19AD44BD102287ACB94D696015967CE">>},
 {<<"erlastic_search">>, <<"A1EF8852F2B02059A9BD6CEA2FC65BAF393B59EA192DA0992F8D7DF0A5B306D5">>},
 {<<"jiffy">>, <<"DE266C390111FD4EA28B9302F0BC3D7472468F3B8E0ACEABFBEFA26D08CD73B7">>},
 {<<"kafka_protocol">>, <<"A737A5714874EBD4A82F198F79CB438CDA5D1054291B0B1C8F241448C332734D">>},
 {<<"ranch">>, <<"6B1FAB51B49196860B733A49C07604465A47BDB78AA10C1C16A3D199F7F8C881">>},
 {<<"recon">>, <<"901FF78B39C754FB4D6FD72DCF0DBD398967BBD2E4D59C08D4D7AA44A73DE91D">>},
 {<<"snappyer">>, <<"6D739C534CD2339633127A2B40279BE71F149E5842C5363A4D88E66EFB7C1FEC">>},
 {<<"supervisor3">>, <<"5CF95C95342B589EC8D74689EEA0646C0A3EB92820241E0C2D0CA4C104DF92BC">>}]}
].
