{"1.1.0",
[{<<"brod">>,{pkg,<<"brod">>,<<"3.7.10">>},0},
 {<<"cowboy">>,{pkg,<<"cowboy">>,<<"2.6.3">>},0},
 {<<"cowlib">>,{pkg,<<"cowlib">>,<<"2.7.3">>},1},
 {<<"crc32cer">>,{pkg,<<"crc32cer">>,<<"0.1.3">>},2},
 {<<"erlastic_search">>,{pkg,<<"erlastic_search">>,<<"1.3.0">>},0},
 {<<"flatlog">>,{pkg,<<"flatlog">>,<<"0.1.1">>},0},
 {<<"jiffy">>,{pkg,<<"jiffy">>,<<"1.0.1">>},0},
 {<<"kafka_protocol">>,{pkg,<<"kafka_protocol">>,<<"2.2.8">>},1},
 {<<"ranch">>,{pkg,<<"ranch">>,<<"1.7.1">>},1},
 {<<"recon">>,{pkg,<<"recon">>,<<"2.5.0">>},0},
 {<<"snappyer">>,{pkg,<<"snappyer">>,<<"1.2.4">>},2},
 {<<"supervisor3">>,{pkg,<<"supervisor3">>,<<"1.1.8">>},1}]}.
[
{pkg_hash,[
 {<<"brod">>, <<"D1D3845DBC1E663EB65B9166140504CB6024531CAE47D0B09ACDAAE46B85D305">>},
 {<<"cowboy">>, <<"99AA50E94E685557CAD82E704457336A453D4ABCB77839AD22DBE71F311FCC06">>},
 {<<"cowlib">>, <<"A7FFCD0917E6D50B4D5FB28E9E2085A0CEB3C97DEA310505F7460FF5ED764CE9">>},
 {<<"crc32cer">>, <<"8984906C4B4FAE6AA292C48F286A1C83B19AD44BD102287ACB94D696015967CE">>},
 {<<"erlastic_search">>, <<"A1EF8852F2B02059A9BD6CEA2FC65BAF393B59EA192DA0992F8D7DF0A5B306D5">>},
 {<<"flatlog">>, <<"4A181C1B7596A0181C727C06858CBF4BA8C273643D0A2A2FB434EAD961584575">>},
 {<<"jiffy">>, <<"4F25639772CA41202F41BA9C8F6CA0933554283DD4742C90651E03471C55E341">>},
 {<<"kafka_protocol">>, <<"F21F0F97529A106AD48EB545B388F58A3536B82CA5E935FA7458008E4B701F4A">>},
 {<<"ranch">>, <<"6B1FAB51B49196860B733A49C07604465A47BDB78AA10C1C16A3D199F7F8C881">>},
 {<<"recon">>, <<"2F7FCBEC2C35034BADE2F9717F77059DC54EB4E929A3049CA7BA6775C0BD66CD">>},
 {<<"snappyer">>, <<"6D739C534CD2339633127A2B40279BE71F149E5842C5363A4D88E66EFB7C1FEC">>},
 {<<"supervisor3">>, <<"5CF95C95342B589EC8D74689EEA0646C0A3EB92820241E0C2D0CA4C104DF92BC">>}]}
].
