{"1.1.0",
[{<<"brod">>,{pkg,<<"brod">>,<<"3.7.2">>},0},
 {<<"cowboy">>,{pkg,<<"cowboy">>,<<"2.5.0">>},0},
 {<<"cowlib">>,{pkg,<<"cowlib">>,<<"2.6.0">>},1},
 {<<"crc32cer">>,{pkg,<<"crc32cer">>,<<"0.1.3">>},2},
 {<<"jiffy">>,{pkg,<<"jiffy">>,<<"0.15.2">>},0},
 {<<"kafka_protocol">>,{pkg,<<"kafka_protocol">>,<<"2.2.2">>},1},
 {<<"ranch">>,{pkg,<<"ranch">>,<<"1.6.2">>},1},
 {<<"snappyer">>,{pkg,<<"snappyer">>,<<"1.2.4">>},2},
 {<<"supervisor3">>,{pkg,<<"supervisor3">>,<<"1.1.7">>},1}]}.
[
{pkg_hash,[
 {<<"brod">>, <<"114CC6692B8E42FE9D585C4254145617CD164F8FB08CB259EA86EB148BF1A5AE">>},
 {<<"cowboy">>, <<"4EF3AE066EE10FE01EA3272EDC8F024347A0D3EB95F6FBB9AED556DACBFC1337">>},
 {<<"cowlib">>, <<"8AA629F81A0FC189F261DC98A42243FA842625FEEA3C7EC56C48F4CCDB55490F">>},
 {<<"crc32cer">>, <<"8984906C4B4FAE6AA292C48F286A1C83B19AD44BD102287ACB94D696015967CE">>},
 {<<"jiffy">>, <<"DE266C390111FD4EA28B9302F0BC3D7472468F3B8E0ACEABFBEFA26D08CD73B7">>},
 {<<"kafka_protocol">>, <<"AD321B1D7E406B75D1383F0CAA12EA6D2731E1C62EFC9D481BB5793396B8ABC7">>},
 {<<"ranch">>, <<"6DB93C78F411EE033DBB18BA8234C5574883ACB9A75AF0FB90A9B82EA46AFA00">>},
 {<<"snappyer">>, <<"6D739C534CD2339633127A2B40279BE71F149E5842C5363A4D88E66EFB7C1FEC">>},
 {<<"supervisor3">>, <<"BA0602C908D3D90F898D814DAF36E04D75F1337735DC527D0441E3E4AB3E7D5A">>}]}
].
